
Microsoft Visual Studio Solution File, Format Version 12.00
# Visual Studio 15
VisualStudioVersion = 15.0.28307.1000
MinimumVisualStudioVersion = 10.0.40219.1
Project("{8BC9CEB8-8B4A-11D0-8D11-00A0C91BC942}") = "test_2_15", "test_2_15\test_2_15.vcxproj", "{B0840C66-B954-460F-894B-B4A121CCBBF5}"
EndProject
Global
	GlobalSection(SolutionConfigurationPlatforms) = preSolution
		Debug|x64 = Debug|x64
		Debug|x86 = Debug|x86
		Release|x64 = Release|x64
		Release|x86 = Release|x86
	EndGlobalSection
	GlobalSection(ProjectConfigurationPlatforms) = postSolution
		{B0840C66-B954-460F-894B-B4A121CCBBF5}.Debug|x64.ActiveCfg = Debug|x64
		{B0840C66-B954-460F-894B-B4A121CCBBF5}.Debug|x64.Build.0 = Debug|x64
		{B0840C66-B954-460F-894B-B4A121CCBBF5}.Debug|x86.ActiveCfg = Debug|Win32
		{B0840C66-B954-460F-894B-B4A121CCBBF5}.Debug|x86.Build.0 = Debug|Win32
		{B0840C66-B954-460F-894B-B4A121CCBBF5}.Release|x64.ActiveCfg = Release|x64
		{B0840C66-B954-460F-894B-B4A121CCBBF5}.Release|x64.Build.0 = Release|x64
		{B0840C66-B954-460F-894B-B4A121CCBBF5}.Release|x86.ActiveCfg = Release|Win32
		{B0840C66-B954-460F-894B-B4A121CCBBF5}.Release|x86.Build.0 = Release|Win32
	EndGlobalSection
	GlobalSection(SolutionProperties) = preSolution
		HideSolutionNode = FALSE
	EndGlobalSection
	GlobalSection(ExtensibilityGlobals) = postSolution
		SolutionGuid = {FDAD9E13-FF55-4B91-B1CF-FEAF6A4F1BF0}
	EndGlobalSection
EndGlobal
