
Microsoft Visual Studio Solution File, Format Version 12.00
# Visual Studio 15
VisualStudioVersion = 15.0.28307.1000
MinimumVisualStudioVersion = 10.0.40219.1
Project("{8BC9CEB8-8B4A-11D0-8D11-00A0C91BC942}") = "test-1-17", "test-1-17\test-1-17.vcxproj", "{AA365AD7-329A-46B9-9A6C-57C54DF104C6}"
EndProject
Global
	GlobalSection(SolutionConfigurationPlatforms) = preSolution
		Debug|x64 = Debug|x64
		Debug|x86 = Debug|x86
		Release|x64 = Release|x64
		Release|x86 = Release|x86
	EndGlobalSection
	GlobalSection(ProjectConfigurationPlatforms) = postSolution
		{AA365AD7-329A-46B9-9A6C-57C54DF104C6}.Debug|x64.ActiveCfg = Debug|x64
		{AA365AD7-329A-46B9-9A6C-57C54DF104C6}.Debug|x64.Build.0 = Debug|x64
		{AA365AD7-329A-46B9-9A6C-57C54DF104C6}.Debug|x86.ActiveCfg = Debug|Win32
		{AA365AD7-329A-46B9-9A6C-57C54DF104C6}.Debug|x86.Build.0 = Debug|Win32
		{AA365AD7-329A-46B9-9A6C-57C54DF104C6}.Release|x64.ActiveCfg = Release|x64
		{AA365AD7-329A-46B9-9A6C-57C54DF104C6}.Release|x64.Build.0 = Release|x64
		{AA365AD7-329A-46B9-9A6C-57C54DF104C6}.Release|x86.ActiveCfg = Release|Win32
		{AA365AD7-329A-46B9-9A6C-57C54DF104C6}.Release|x86.Build.0 = Release|Win32
	EndGlobalSection
	GlobalSection(SolutionProperties) = preSolution
		HideSolutionNode = FALSE
	EndGlobalSection
	GlobalSection(ExtensibilityGlobals) = postSolution
		SolutionGuid = {A8A50F10-B99B-4DF4-B057-0C0203F38D08}
	EndGlobalSection
EndGlobal
